// !$*UTF8*$!
{
	archiveVersion = 1;
	classes = {
	};
	objectVersion = 46;
	objects = {

/* Begin PBXBuildFile section */
		B730FF541F656AE000DE61FE /* AppDelegate.swift in Sources */ = {isa = PBXBuildFile; fileRef = B730FF531F656AE000DE61FE /* AppDelegate.swift */; };
		B730FF561F656AE000DE61FE /* ViewController.swift in Sources */ = {isa = PBXBuildFile; fileRef = B730FF551F656AE000DE61FE /* ViewController.swift */; };
		B730FF591F656AE000DE61FE /* Main.storyboard in Resources */ = {isa = PBXBuildFile; fileRef = B730FF571F656AE000DE61FE /* Main.storyboard */; };
		B730FF5B1F656AE000DE61FE /* Assets.xcassets in Resources */ = {isa = PBXBuildFile; fileRef = B730FF5A1F656AE000DE61FE /* Assets.xcassets */; };
		B730FF5E1F656AE000DE61FE /* LaunchScreen.storyboard in Resources */ = {isa = PBXBuildFile; fileRef = B730FF5C1F656AE000DE61FE /* LaunchScreen.storyboard */; };
/* End PBXBuildFile section */

/* Begin PBXFileReference section */
		B730FF501F656AE000DE61FE /* Savethekittens.app */ = {isa = PBXFileReference; explicitFileType = wrapper.application; includeInIndex = 0; path = Savethekittens.app; sourceTree = BUILT_PRODUCTS_DIR; };
		B730FF531F656AE000DE61FE /* AppDelegate.swift */ = {isa = PBXFileReference; lastKnownFileType = sourcecode.swift; path = AppDelegate.swift; sourceTree = "<group>"; };
		B730FF551F656AE000DE61FE /* ViewController.swift */ = {isa = PBXFileReference; lastKnownFileType = sourcecode.swift; path = ViewController.swift; sourceTree = "<group>"; };
		B730FF581F656AE000DE61FE /* Base */ = {isa = PBXFileReference; lastKnownFileType = file.storyboard; name = Base; path = Base.lproj/Main.storyboard; sourceTree = "<group>"; };
		B730FF5A1F656AE000DE61FE /* Assets.xcassets */ = {isa = PBXFileReference; lastKnownFileType = folder.assetcatalog; path = Assets.xcassets; sourceTree = "<group>"; };
		B730FF5D1F656AE000DE61FE /* Base */ = {isa = PBXFileReference; lastKnownFileType = file.storyboard; name = Base; path = Base.lproj/LaunchScreen.storyboard; sourceTree = "<group>"; };
		B730FF5F1F656AE000DE61FE /* Info.plist */ = {isa = PBXFileReference; lastKnownFileType = text.plist.xml; path = Info.plist; sourceTree = "<group>"; };
/* End PBXFileReference section */

/* Begin PBXFrameworksBuildPhase section */
		B730FF4D1F656AE000DE61FE /* Frameworks */ = {
			isa = PBXFrameworksBuildPhase;
			buildActionMask = 2147483647;
			files = (
			);
			runOnlyForDeploymentPostprocessing = 0;
		};
/* End PBXFrameworksBuildPhase section */

/* Begin PBXGroup section */
		B730FF471F656AE000DE61FE = {
			isa = PBXGroup;
			children = (
				B730FF521F656AE000DE61FE /* Savethekittens */,
				B730FF511F656AE000DE61FE /* Products */,
			);
			sourceTree = "<group>";
		};
		B730FF511F656AE000DE61FE /* Products */ = {
			isa = PBXGroup;
			children = (
				B730FF501F656AE000DE61FE /* Savethekittens.app */,
			);
			name = Products;
			sourceTree = "<group>";
		};
		B730FF521F656AE000DE61FE /* Savethekittens */ = {
			isa = PBXGroup;
			children = (
				B730FF531F656AE000DE61FE /* AppDelegate.swift */,
				B730FF551F656AE000DE61FE /* ViewController.swift */,
				B730FF571F656AE000DE61FE /* Main.storyboard */,
				B730FF5A1F656AE000DE61FE /* Assets.xcassets */,
				B730FF5C1F656AE000DE61FE /* LaunchScreen.storyboard */,
				B730FF5F1F656AE000DE61FE /* Info.plist */,
			);
			path = Savethekittens;
			sourceTree = "<group>";
		};
/* End PBXGroup section */

/* Begin PBXNativeTarget section */
		B730FF4F1F656AE000DE61FE /* Savethekittens */ = {
			isa = PBXNativeTarget;
			buildConfigurationList = B730FF621F656AE000DE61FE /* Build configuration list for PBXNativeTarget "Savethekittens" */;
			buildPhases = (
				B730FF4C1F656AE000DE61FE /* Sources */,
				B730FF4D1F656AE000DE61FE /* Frameworks */,
				B730FF4E1F656AE000DE61FE /* Resources */,
			);
			buildRules = (
			);
			dependencies = (
			);
			name = Savethekittens;
			productName = Savethekittens;
			productReference = B730FF501F656AE000DE61FE /* Savethekittens.app */;
			productType = "com.apple.product-type.application";
		};
/* End PBXNativeTarget section */

/* Begin PBXProject section */
		B730FF481F656AE000DE61FE /* Project object */ = {
			isa = PBXProject;
			attributes = {
				LastSwiftUpdateCheck = 0830;
				LastUpgradeCheck = 0830;
				ORGANIZATIONNAME = Ryan;
				TargetAttributes = {
					B730FF4F1F656AE000DE61FE = {
						CreatedOnToolsVersion = 8.3.2;
						ProvisioningStyle = Automatic;
					};
				};
			};
			buildConfigurationList = B730FF4B1F656AE000DE61FE /* Build configuration list for PBXProject "Savethekittens" */;
			compatibilityVersion = "Xcode 3.2";
			developmentRegion = English;
			hasScannedForEncodings = 0;
			knownRegions = (
				en,
				Base,
			);
			mainGroup = B730FF471F656AE000DE61FE;
			productRefGroup = B730FF511F656AE000DE61FE /* Products */;
			projectDirPath = "";
			projectRoot = "";
			targets = (
				B730FF4F1F656AE000DE61FE /* Savethekittens */,
			);
		};
/* End PBXProject section */

/* Begin PBXResourcesBuildPhase section */
		B730FF4E1F656AE000DE61FE /* Resources */ = {
			isa = PBXResourcesBuildPhase;
			buildActionMask = 2147483647;
			files = (
				B730FF5E1F656AE000DE61FE /* LaunchScreen.storyboard in Resources */,
				B730FF5B1F656AE000DE61FE /* Assets.xcassets in Resources */,
				B730FF591F656AE000DE61FE /* Main.storyboard in Resources */,
			);
			runOnlyForDeploymentPostprocessing = 0;
		};
/* End PBXResourcesBuildPhase section */

/* Begin PBXSourcesBuildPhase section */
		B730FF4C1F656AE000DE61FE /* Sources */ = {
			isa = PBXSourcesBuildPhase;
			buildActionMask = 2147483647;
			files = (
				B730FF561F656AE000DE61FE /* ViewController.swift in Sources */,
				B730FF541F656AE000DE61FE /* AppDelegate.swift in Sources */,
			);
			runOnlyForDeploymentPostprocessing = 0;
		};
/* End PBXSourcesBuildPhase section */

/* Begin PBXVariantGroup section */
		B730FF571F656AE000DE61FE /* Main.storyboard */ = {
			isa = PBXVariantGroup;
			children = (
				B730FF581F656AE000DE61FE /* Base */,
			);
			name = Main.storyboard;
			sourceTree = "<group>";
		};
		B730FF5C1F656AE000DE61FE /* LaunchScreen.storyboard */ = {
			isa = PBXVariantGroup;
			children = (
				B730FF5D1F656AE000DE61FE /* Base */,
			);
			name = LaunchScreen.storyboard;
			sourceTree = "<group>";
		};
/* End PBXVariantGroup section */

/* Begin XCBuildConfiguration section */
		B730FF601F656AE000DE61FE /* Debug */ = {
			isa = XCBuildConfiguration;
			buildSettings = {
				ALWAYS_SEARCH_USER_PATHS = NO;
				CLANG_ANALYZER_NONNULL = YES;
				CLANG_ANALYZER_NUMBER_OBJECT_CONVERSION = YES_AGGRESSIVE;
				CLANG_CXX_LANGUAGE_STANDARD = "gnu++0x";
				CLANG_CXX_LIBRARY = "libc++";
				CLANG_ENABLE_MODULES = YES;
				CLANG_ENABLE_OBJC_ARC = YES;
				CLANG_WARN_BOOL_CONVERSION = YES;
				CLANG_WARN_CONSTANT_CONVERSION = YES;
				CLANG_WARN_DIRECT_OBJC_ISA_USAGE = YES_ERROR;
				CLANG_WARN_DOCUMENTATION_COMMENTS = YES;
				CLANG_WARN_EMPTY_BODY = YES;
				CLANG_WARN_ENUM_CONVERSION = YES;
				CLANG_WARN_INFINITE_RECURSION = YES;
				CLANG_WARN_INT_CONVERSION = YES;
				CLANG_WARN_OBJC_ROOT_CLASS = YES_ERROR;
				CLANG_WARN_SUSPICIOUS_MOVE = YES;
				CLANG_WARN_UNREACHABLE_CODE = YES;
				CLANG_WARN__DUPLICATE_METHOD_MATCH = YES;
				"CODE_SIGN_IDENTITY[sdk=iphoneos*]" = "iPhone Developer";
				COPY_PHASE_STRIP = NO;
				DEBUG_INFORMATION_FORMAT = dwarf;
				ENABLE_STRICT_OBJC_MSGSEND = YES;
				ENABLE_TESTABILITY = YES;
				GCC_C_LANGUAGE_STANDARD = gnu99;
				GCC_DYNAMIC_NO_PIC = NO;
				GCC_NO_COMMON_BLOCKS = YES;
				GCC_OPTIMIZATION_LEVEL = 0;
				GCC_PREPROCESSOR_DEFINITIONS = (
					"DEBUG=1",
					"$(inherited)",
				);
				GCC_WARN_64_TO_32_BIT_CONVERSION = YES;
				GCC_WARN_ABOUT_RETURN_TYPE = YES_ERROR;
				GCC_WARN_UNDECLARED_SELECTOR = YES;
				GCC_WARN_UNINITIALIZED_AUTOS = YES_AGGRESSIVE;
				GCC_WARN_UNUSED_FUNCTION = YES;
				GCC_WARN_UNUSED_VARIABLE = YES;
				IPHONEOS_DEPLOYMENT_TARGET = 10.3;
				MTL_ENABLE_DEBUG_INFO = YES;
				ONLY_ACTIVE_ARCH = YES;
				SDKROOT = iphoneos;
				SWIFT_ACTIVE_COMPILATION_CONDITIONS = DEBUG;
				SWIFT_OPTIMIZATION_LEVEL = "-Onone";
				TARGETED_DEVICE_FAMILY = "1,2";
			};
			name = Debug;
		};
		B730FF611F656AE000DE61FE /* Release */ = {
			isa = XCBuildConfiguration;
			buildSettings = {
				ALWAYS_SEARCH_USER_PATHS = NO;
				CLANG_ANALYZER_NONNULL = YES;
				CLANG_ANALYZER_NUMBER_OBJECT_CONVERSION = YES_AGGRESSIVE;
				CLANG_CXX_LANGUAGE_STANDARD = "gnu++0x";
				CLANG_CXX_LIBRARY = "libc++";
				CLANG_ENABLE_MODULES = YES;
				CLANG_ENABLE_OBJC_ARC = YES;
				CLANG_WARN_BOOL_CONVERSION = YES;
				CLANG_WARN_CONSTANT_CONVERSION = YES;
				CLANG_WARN_DIRECT_OBJC_ISA_USAGE = YES_ERROR;
				CLANG_WARN_DOCUMENTATION_COMMENTS = YES;
				CLANG_WARN_EMPTY_BODY = YES;
				CLANG_WARN_ENUM_CONVERSION = YES;
				CLANG_WARN_INFINITE_RECURSION = YES;
				CLANG_WARN_INT_CONVERSION = YES;
				CLANG_WARN_OBJC_ROOT_CLASS = YES_ERROR;
				CLANG_WARN_SUSPICIOUS_MOVE = YES;
				CLANG_WARN_UNREACHABLE_CODE = YES;
				CLANG_WARN__DUPLICATE_METHOD_MATCH = YES;
				"CODE_SIGN_IDENTITY[sdk=iphoneos*]" = "iPhone Developer";
				COPY_PHASE_STRIP = NO;
				DEBUG_INFORMATION_FORMAT = "dwarf-with-dsym";
				ENABLE_NS_ASSERTIONS = NO;
				ENABLE_STRICT_OBJC_MSGSEND = YES;
				GCC_C_LANGUAGE_STANDARD = gnu99;
				GCC_NO_COMMON_BLOCKS = YES;
				GCC_WARN_64_TO_32_BIT_CONVERSION = YES;
				GCC_WARN_ABOUT_RETURN_TYPE = YES_ERROR;
				GCC_WARN_UNDECLARED_SELECTOR = YES;
				GCC_WARN_UNINITIALIZED_AUTOS = YES_AGGRESSIVE;
				GCC_WARN_UNUSED_FUNCTION = YES;
				GCC_WARN_UNUSED_VARIABLE = YES;
				IPHONEOS_DEPLOYMENT_TARGET = 10.3;
				MTL_ENABLE_DEBUG_INFO = NO;
				SDKROOT = iphoneos;
				SWIFT_OPTIMIZATION_LEVEL = "-Owholemodule";
				TARGETED_DEVICE_FAMILY = "1,2";
				VALIDATE_PRODUCT = YES;
			};
			name = Release;
		};
		B730FF631F656AE000DE61FE /* Debug */ = {
			isa = XCBuildConfiguration;
			buildSettings = {
				ASSETCATALOG_COMPILER_APPICON_NAME = AppIcon;
				INFOPLIST_FILE = Savethekittens/Info.plist;
				LD_RUNPATH_SEARCH_PATHS = "$(inherited) @executable_path/Frameworks";
				PRODUCT_BUNDLE_IDENTIFIER = com.ryan.Savethekittens;
				PRODUCT_NAME = "$(TARGET_NAME)";
				SWIFT_VERSION = 3.0;
			};
			name = Debug;
		};
		B730FF641F656AE000DE61FE /* Release */ = {
			isa = XCBuildConfiguration;
			buildSettings = {
				ASSETCATALOG_COMPILER_APPICON_NAME = AppIcon;
				INFOPLIST_FILE = Savethekittens/Info.plist;
				LD_RUNPATH_SEARCH_PATHS = "$(inherited) @executable_path/Frameworks";
				PRODUCT_BUNDLE_IDENTIFIER = com.ryan.Savethekittens;
				PRODUCT_NAME = "$(TARGET_NAME)";
				SWIFT_VERSION = 3.0;
			};
			name = Release;
		};
/* End XCBuildConfiguration section */

/* Begin XCConfigurationList section */
		B730FF4B1F656AE000DE61FE /* Build configuration list for PBXProject "Savethekittens" */ = {
			isa = XCConfigurationList;
			buildConfigurations = (
				B730FF601F656AE000DE61FE /* Debug */,
				B730FF611F656AE000DE61FE /* Release */,
			);
			defaultConfigurationIsVisible = 0;
			defaultConfigurationName = Release;
		};
		B730FF621F656AE000DE61FE /* Build configuration list for PBXNativeTarget "Savethekittens" */ = {
			isa = XCConfigurationList;
			buildConfigurations = (
				B730FF631F656AE000DE61FE /* Debug */,
				B730FF641F656AE000DE61FE /* Release */,
			);
			defaultConfigurationIsVisible = 0;
		};
/* End XCConfigurationList section */
	};
	rootObject = B730FF481F656AE000DE61FE /* Project object */;
}
